// !$*UTF8*$!
{
	archiveVersion = 1;
	classes = {
	};
	objectVersion = 56;
	objects = {

/* Begin PBXBuildFile section */
		3D3EA57829C22BFD00C88A76 /* AppDelegate.swift in Sources */ = {isa = PBXBuildFile; fileRef = 3D3EA57729C22BFD00C88A76 /* AppDelegate.swift */; };
		3D3EA57A29C22BFD00C88A76 /* SceneDelegate.swift in Sources */ = {isa = PBXBuildFile; fileRef = 3D3EA57929C22BFD00C88A76 /* SceneDelegate.swift */; };
		3D3EA57C29C22BFD00C88A76 /* ViewController.swift in Sources */ = {isa = PBXBuildFile; fileRef = 3D3EA57B29C22BFD00C88A76 /* ViewController.swift */; };
		3D3EA57F29C22BFD00C88A76 /* Main.storyboard in Resources */ = {isa = PBXBuildFile; fileRef = 3D3EA57D29C22BFD00C88A76 /* Main.storyboard */; };
		3D3EA58129C22C0000C88A76 /* Assets.xcassets in Resources */ = {isa = PBXBuildFile; fileRef = 3D3EA58029C22C0000C88A76 /* Assets.xcassets */; };
		3D3EA58429C22C0000C88A76 /* LaunchScreen.storyboard in Resources */ = {isa = PBXBuildFile; fileRef = 3D3EA58229C22C0000C88A76 /* LaunchScreen.storyboard */; };
		3D3EA58F29C22C0100C88A76 /* App_betaTests.swift in Sources */ = {isa = PBXBuildFile; fileRef = 3D3EA58E29C22C0100C88A76 /* App_betaTests.swift */; };
		3D3EA59929C22C0100C88A76 /* App_betaUITests.swift in Sources */ = {isa = PBXBuildFile; fileRef = 3D3EA59829C22C0100C88A76 /* App_betaUITests.swift */; };
		3D3EA59B29C22C0100C88A76 /* App_betaUITestsLaunchTests.swift in Sources */ = {isa = PBXBuildFile; fileRef = 3D3EA59A29C22C0100C88A76 /* App_betaUITestsLaunchTests.swift */; };
		BC242C7D29CA600D00F8E8D9 /* porViewController.swift in Sources */ = {isa = PBXBuildFile; fileRef = BC242C7C29CA600D00F8E8D9 /* porViewController.swift */; };
		F02CEB0029C3B11F00CFFE41 /* Galeria_2_ViewController.swift in Sources */ = {isa = PBXBuildFile; fileRef = F02CEAFF29C3B11F00CFFE41 /* Galeria_2_ViewController.swift */; };
/* End PBXBuildFile section */

/* Begin PBXContainerItemProxy section */
		3D3EA58B29C22C0100C88A76 /* PBXContainerItemProxy */ = {
			isa = PBXContainerItemProxy;
			containerPortal = 3D3EA56C29C22BFD00C88A76 /* Project object */;
			proxyType = 1;
			remoteGlobalIDString = 3D3EA57329C22BFD00C88A76;
			remoteInfo = App_beta;
		};
		3D3EA59529C22C0100C88A76 /* PBXContainerItemProxy */ = {
			isa = PBXContainerItemProxy;
			containerPortal = 3D3EA56C29C22BFD00C88A76 /* Project object */;
			proxyType = 1;
			remoteGlobalIDString = 3D3EA57329C22BFD00C88A76;
			remoteInfo = App_beta;
		};
/* End PBXContainerItemProxy section */

/* Begin PBXFileReference section */
		3D3EA57429C22BFD00C88A76 /* App_beta.app */ = {isa = PBXFileReference; explicitFileType = wrapper.application; includeInIndex = 0; path = App_beta.app; sourceTree = BUILT_PRODUCTS_DIR; };
		3D3EA57729C22BFD00C88A76 /* AppDelegate.swift */ = {isa = PBXFileReference; lastKnownFileType = sourcecode.swift; path = AppDelegate.swift; sourceTree = "<group>"; };
		3D3EA57929C22BFD00C88A76 /* SceneDelegate.swift */ = {isa = PBXFileReference; lastKnownFileType = sourcecode.swift; path = SceneDelegate.swift; sourceTree = "<group>"; };
		3D3EA57B29C22BFD00C88A76 /* ViewController.swift */ = {isa = PBXFileReference; lastKnownFileType = sourcecode.swift; path = ViewController.swift; sourceTree = "<group>"; };
		3D3EA57E29C22BFD00C88A76 /* Base */ = {isa = PBXFileReference; lastKnownFileType = file.storyboard; name = Base; path = Base.lproj/Main.storyboard; sourceTree = "<group>"; };
		3D3EA58029C22C0000C88A76 /* Assets.xcassets */ = {isa = PBXFileReference; lastKnownFileType = folder.assetcatalog; path = Assets.xcassets; sourceTree = "<group>"; };
		3D3EA58329C22C0000C88A76 /* Base */ = {isa = PBXFileReference; lastKnownFileType = file.storyboard; name = Base; path = Base.lproj/LaunchScreen.storyboard; sourceTree = "<group>"; };
		3D3EA58529C22C0000C88A76 /* Info.plist */ = {isa = PBXFileReference; lastKnownFileType = text.plist.xml; path = Info.plist; sourceTree = "<group>"; };
		3D3EA58A29C22C0100C88A76 /* App_betaTests.xctest */ = {isa = PBXFileReference; explicitFileType = wrapper.cfbundle; includeInIndex = 0; path = App_betaTests.xctest; sourceTree = BUILT_PRODUCTS_DIR; };
		3D3EA58E29C22C0100C88A76 /* App_betaTests.swift */ = {isa = PBXFileReference; lastKnownFileType = sourcecode.swift; path = App_betaTests.swift; sourceTree = "<group>"; };
		3D3EA59429C22C0100C88A76 /* App_betaUITests.xctest */ = {isa = PBXFileReference; explicitFileType = wrapper.cfbundle; includeInIndex = 0; path = App_betaUITests.xctest; sourceTree = BUILT_PRODUCTS_DIR; };
		3D3EA59829C22C0100C88A76 /* App_betaUITests.swift */ = {isa = PBXFileReference; lastKnownFileType = sourcecode.swift; path = App_betaUITests.swift; sourceTree = "<group>"; };
		3D3EA59A29C22C0100C88A76 /* App_betaUITestsLaunchTests.swift */ = {isa = PBXFileReference; lastKnownFileType = sourcecode.swift; path = App_betaUITestsLaunchTests.swift; sourceTree = "<group>"; };
		BC242C7C29CA600D00F8E8D9 /* porViewController.swift */ = {isa = PBXFileReference; lastKnownFileType = sourcecode.swift; path = porViewController.swift; sourceTree = "<group>"; };
		F02CEAFF29C3B11F00CFFE41 /* Galeria_2_ViewController.swift */ = {isa = PBXFileReference; lastKnownFileType = sourcecode.swift; path = Galeria_2_ViewController.swift; sourceTree = "<group>"; };
/* End PBXFileReference section */

/* Begin PBXFrameworksBuildPhase section */
		3D3EA57129C22BFD00C88A76 /* Frameworks */ = {
			isa = PBXFrameworksBuildPhase;
			buildActionMask = 2147483647;
			files = (
			);
			runOnlyForDeploymentPostprocessing = 0;
		};
		3D3EA58729C22C0100C88A76 /* Frameworks */ = {
			isa = PBXFrameworksBuildPhase;
			buildActionMask = 2147483647;
			files = (
			);
			runOnlyForDeploymentPostprocessing = 0;
		};
		3D3EA59129C22C0100C88A76 /* Frameworks */ = {
			isa = PBXFrameworksBuildPhase;
			buildActionMask = 2147483647;
			files = (
			);
			runOnlyForDeploymentPostprocessing = 0;
		};
/* End PBXFrameworksBuildPhase section */

/* Begin PBXGroup section */
		3D3EA56B29C22BFD00C88A76 = {
			isa = PBXGroup;
			children = (
				3D3EA57629C22BFD00C88A76 /* App_beta */,
				3D3EA58D29C22C0100C88A76 /* App_betaTests */,
				3D3EA59729C22C0100C88A76 /* App_betaUITests */,
				3D3EA57529C22BFD00C88A76 /* Products */,
			);
			sourceTree = "<group>";
		};
		3D3EA57529C22BFD00C88A76 /* Products */ = {
			isa = PBXGroup;
			children = (
				3D3EA57429C22BFD00C88A76 /* App_beta.app */,
				3D3EA58A29C22C0100C88A76 /* App_betaTests.xctest */,
				3D3EA59429C22C0100C88A76 /* App_betaUITests.xctest */,
			);
			name = Products;
			sourceTree = "<group>";
		};
		3D3EA57629C22BFD00C88A76 /* App_beta */ = {
			isa = PBXGroup;
			children = (
				3D3EA57729C22BFD00C88A76 /* AppDelegate.swift */,
				3D3EA57929C22BFD00C88A76 /* SceneDelegate.swift */,
				3D3EA57B29C22BFD00C88A76 /* ViewController.swift */,
				3D3EA57D29C22BFD00C88A76 /* Main.storyboard */,
				BC242C7C29CA600D00F8E8D9 /* porViewController.swift */,
				F02CEAFF29C3B11F00CFFE41 /* Galeria_2_ViewController.swift */,
				3D3EA58029C22C0000C88A76 /* Assets.xcassets */,
				3D3EA58229C22C0000C88A76 /* LaunchScreen.storyboard */,
				3D3EA58529C22C0000C88A76 /* Info.plist */,
			);
			path = App_beta;
			sourceTree = "<group>";
		};
		3D3EA58D29C22C0100C88A76 /* App_betaTests */ = {
			isa = PBXGroup;
			children = (
				3D3EA58E29C22C0100C88A76 /* App_betaTests.swift */,
			);
			path = App_betaTests;
			sourceTree = "<group>";
		};
		3D3EA59729C22C0100C88A76 /* App_betaUITests */ = {
			isa = PBXGroup;
			children = (
				3D3EA59829C22C0100C88A76 /* App_betaUITests.swift */,
				3D3EA59A29C22C0100C88A76 /* App_betaUITestsLaunchTests.swift */,
			);
			path = App_betaUITests;
			sourceTree = "<group>";
		};
/* End PBXGroup section */

/* Begin PBXNativeTarget section */
		3D3EA57329C22BFD00C88A76 /* App_beta */ = {
			isa = PBXNativeTarget;
			buildConfigurationList = 3D3EA59E29C22C0100C88A76 /* Build configuration list for PBXNativeTarget "App_beta" */;
			buildPhases = (
				3D3EA57029C22BFD00C88A76 /* Sources */,
				3D3EA57129C22BFD00C88A76 /* Frameworks */,
				3D3EA57229C22BFD00C88A76 /* Resources */,
			);
			buildRules = (
			);
			dependencies = (
			);
			name = App_beta;
			productName = App_beta;
			productReference = 3D3EA57429C22BFD00C88A76 /* App_beta.app */;
			productType = "com.apple.product-type.application";
		};
		3D3EA58929C22C0100C88A76 /* App_betaTests */ = {
			isa = PBXNativeTarget;
			buildConfigurationList = 3D3EA5A129C22C0100C88A76 /* Build configuration list for PBXNativeTarget "App_betaTests" */;
			buildPhases = (
				3D3EA58629C22C0100C88A76 /* Sources */,
				3D3EA58729C22C0100C88A76 /* Frameworks */,
				3D3EA58829C22C0100C88A76 /* Resources */,
			);
			buildRules = (
			);
			dependencies = (
				3D3EA58C29C22C0100C88A76 /* PBXTargetDependency */,
			);
			name = App_betaTests;
			productName = App_betaTests;
			productReference = 3D3EA58A29C22C0100C88A76 /* App_betaTests.xctest */;
			productType = "com.apple.product-type.bundle.unit-test";
		};
		3D3EA59329C22C0100C88A76 /* App_betaUITests */ = {
			isa = PBXNativeTarget;
			buildConfigurationList = 3D3EA5A429C22C0100C88A76 /* Build configuration list for PBXNativeTarget "App_betaUITests" */;
			buildPhases = (
				3D3EA59029C22C0100C88A76 /* Sources */,
				3D3EA59129C22C0100C88A76 /* Frameworks */,
				3D3EA59229C22C0100C88A76 /* Resources */,
			);
			buildRules = (
			);
			dependencies = (
				3D3EA59629C22C0100C88A76 /* PBXTargetDependency */,
			);
			name = App_betaUITests;
			productName = App_betaUITests;
			productReference = 3D3EA59429C22C0100C88A76 /* App_betaUITests.xctest */;
			productType = "com.apple.product-type.bundle.ui-testing";
		};
/* End PBXNativeTarget section */

/* Begin PBXProject section */
		3D3EA56C29C22BFD00C88A76 /* Project object */ = {
			isa = PBXProject;
			attributes = {
				BuildIndependentTargetsInParallel = 1;
				LastSwiftUpdateCheck = 1420;
				LastUpgradeCheck = 1420;
				TargetAttributes = {
					3D3EA57329C22BFD00C88A76 = {
						CreatedOnToolsVersion = 14.2;
					};
					3D3EA58929C22C0100C88A76 = {
						CreatedOnToolsVersion = 14.2;
						TestTargetID = 3D3EA57329C22BFD00C88A76;
					};
					3D3EA59329C22C0100C88A76 = {
						CreatedOnToolsVersion = 14.2;
						TestTargetID = 3D3EA57329C22BFD00C88A76;
					};
				};
			};
			buildConfigurationList = 3D3EA56F29C22BFD00C88A76 /* Build configuration list for PBXProject "App_beta" */;
			compatibilityVersion = "Xcode 14.0";
			developmentRegion = en;
			hasScannedForEncodings = 0;
			knownRegions = (
				en,
				Base,
			);
			mainGroup = 3D3EA56B29C22BFD00C88A76;
			productRefGroup = 3D3EA57529C22BFD00C88A76 /* Products */;
			projectDirPath = "";
			projectRoot = "";
			targets = (
				3D3EA57329C22BFD00C88A76 /* App_beta */,
				3D3EA58929C22C0100C88A76 /* App_betaTests */,
				3D3EA59329C22C0100C88A76 /* App_betaUITests */,
			);
		};
/* End PBXProject section */

/* Begin PBXResourcesBuildPhase section */
		3D3EA57229C22BFD00C88A76 /* Resources */ = {
			isa = PBXResourcesBuildPhase;
			buildActionMask = 2147483647;
			files = (
				3D3EA58429C22C0000C88A76 /* LaunchScreen.storyboard in Resources */,
				3D3EA58129C22C0000C88A76 /* Assets.xcassets in Resources */,
				3D3EA57F29C22BFD00C88A76 /* Main.storyboard in Resources */,
			);
			runOnlyForDeploymentPostprocessing = 0;
		};
		3D3EA58829C22C0100C88A76 /* Resources */ = {
			isa = PBXResourcesBuildPhase;
			buildActionMask = 2147483647;
			files = (
			);
			runOnlyForDeploymentPostprocessing = 0;
		};
		3D3EA59229C22C0100C88A76 /* Resources */ = {
			isa = PBXResourcesBuildPhase;
			buildActionMask = 2147483647;
			files = (
			);
			runOnlyForDeploymentPostprocessing = 0;
		};
/* End PBXResourcesBuildPhase section */

/* Begin PBXSourcesBuildPhase section */
		3D3EA57029C22BFD00C88A76 /* Sources */ = {
			isa = PBXSourcesBuildPhase;
			buildActionMask = 2147483647;
			files = (
				3D3EA57C29C22BFD00C88A76 /* ViewController.swift in Sources */,
				F02CEB0029C3B11F00CFFE41 /* Galeria_2_ViewController.swift in Sources */,
				3D3EA57829C22BFD00C88A76 /* AppDelegate.swift in Sources */,
				BC242C7D29CA600D00F8E8D9 /* porViewController.swift in Sources */,
				3D3EA57A29C22BFD00C88A76 /* SceneDelegate.swift in Sources */,
			);
			runOnlyForDeploymentPostprocessing = 0;
		};
		3D3EA58629C22C0100C88A76 /* Sources */ = {
			isa = PBXSourcesBuildPhase;
			buildActionMask = 2147483647;
			files = (
				3D3EA58F29C22C0100C88A76 /* App_betaTests.swift in Sources */,
			);
			runOnlyForDeploymentPostprocessing = 0;
		};
		3D3EA59029C22C0100C88A76 /* Sources */ = {
			isa = PBXSourcesBuildPhase;
			buildActionMask = 2147483647;
			files = (
				3D3EA59B29C22C0100C88A76 /* App_betaUITestsLaunchTests.swift in Sources */,
				3D3EA59929C22C0100C88A76 /* App_betaUITests.swift in Sources */,
			);
			runOnlyForDeploymentPostprocessing = 0;
		};
/* End PBXSourcesBuildPhase section */

/* Begin PBXTargetDependency section */
		3D3EA58C29C22C0100C88A76 /* PBXTargetDependency */ = {
			isa = PBXTargetDependency;
			target = 3D3EA57329C22BFD00C88A76 /* App_beta */;
			targetProxy = 3D3EA58B29C22C0100C88A76 /* PBXContainerItemProxy */;
		};
		3D3EA59629C22C0100C88A76 /* PBXTargetDependency */ = {
			isa = PBXTargetDependency;
			target = 3D3EA57329C22BFD00C88A76 /* App_beta */;
			targetProxy = 3D3EA59529C22C0100C88A76 /* PBXContainerItemProxy */;
		};
/* End PBXTargetDependency section */

/* Begin PBXVariantGroup section */
		3D3EA57D29C22BFD00C88A76 /* Main.storyboard */ = {
			isa = PBXVariantGroup;
			children = (
				3D3EA57E29C22BFD00C88A76 /* Base */,
			);
			name = Main.storyboard;
			sourceTree = "<group>";
		};
		3D3EA58229C22C0000C88A76 /* LaunchScreen.storyboard */ = {
			isa = PBXVariantGroup;
			children = (
				3D3EA58329C22C0000C88A76 /* Base */,
			);
			name = LaunchScreen.storyboard;
			sourceTree = "<group>";
		};
/* End PBXVariantGroup section */

/* Begin XCBuildConfiguration section */
		3D3EA59C29C22C0100C88A76 /* Debug */ = {
			isa = XCBuildConfiguration;
			buildSettings = {
				ALWAYS_SEARCH_USER_PATHS = NO;
				CLANG_ANALYZER_NONNULL = YES;
				CLANG_ANALYZER_NUMBER_OBJECT_CONVERSION = YES_AGGRESSIVE;
				CLANG_CXX_LANGUAGE_STANDARD = "gnu++20";
				CLANG_ENABLE_MODULES = YES;
				CLANG_ENABLE_OBJC_ARC = YES;
				CLANG_ENABLE_OBJC_WEAK = YES;
				CLANG_WARN_BLOCK_CAPTURE_AUTORELEASING = YES;
				CLANG_WARN_BOOL_CONVERSION = YES;
				CLANG_WARN_COMMA = YES;
				CLANG_WARN_CONSTANT_CONVERSION = YES;
				CLANG_WARN_DEPRECATED_OBJC_IMPLEMENTATIONS = YES;
				CLANG_WARN_DIRECT_OBJC_ISA_USAGE = YES_ERROR;
				CLANG_WARN_DOCUMENTATION_COMMENTS = YES;
				CLANG_WARN_EMPTY_BODY = YES;
				CLANG_WARN_ENUM_CONVERSION = YES;
				CLANG_WARN_INFINITE_RECURSION = YES;
				CLANG_WARN_INT_CONVERSION = YES;
				CLANG_WARN_NON_LITERAL_NULL_CONVERSION = YES;
				CLANG_WARN_OBJC_IMPLICIT_RETAIN_SELF = YES;
				CLANG_WARN_OBJC_LITERAL_CONVERSION = YES;
				CLANG_WARN_OBJC_ROOT_CLASS = YES_ERROR;
				CLANG_WARN_QUOTED_INCLUDE_IN_FRAMEWORK_HEADER = YES;
				CLANG_WARN_RANGE_LOOP_ANALYSIS = YES;
				CLANG_WARN_STRICT_PROTOTYPES = YES;
				CLANG_WARN_SUSPICIOUS_MOVE = YES;
				CLANG_WARN_UNGUARDED_AVAILABILITY = YES_AGGRESSIVE;
				CLANG_WARN_UNREACHABLE_CODE = YES;
				CLANG_WARN__DUPLICATE_METHOD_MATCH = YES;
				COPY_PHASE_STRIP = NO;
				DEBUG_INFORMATION_FORMAT = dwarf;
				ENABLE_STRICT_OBJC_MSGSEND = YES;
				ENABLE_TESTABILITY = YES;
				GCC_C_LANGUAGE_STANDARD = gnu11;
				GCC_DYNAMIC_NO_PIC = NO;
				GCC_NO_COMMON_BLOCKS = YES;
				GCC_OPTIMIZATION_LEVEL = 0;
				GCC_PREPROCESSOR_DEFINITIONS = (
					"DEBUG=1",
					"$(inherited)",
				);
				GCC_WARN_64_TO_32_BIT_CONVERSION = YES;
				GCC_WARN_ABOUT_RETURN_TYPE = YES_ERROR;
				GCC_WARN_UNDECLARED_SELECTOR = YES;
				GCC_WARN_UNINITIALIZED_AUTOS = YES_AGGRESSIVE;
				GCC_WARN_UNUSED_FUNCTION = YES;
				GCC_WARN_UNUSED_VARIABLE = YES;
				IPHONEOS_DEPLOYMENT_TARGET = 16.2;
				MTL_ENABLE_DEBUG_INFO = INCLUDE_SOURCE;
				MTL_FAST_MATH = YES;
				ONLY_ACTIVE_ARCH = YES;
				SDKROOT = iphoneos;
				SWIFT_ACTIVE_COMPILATION_CONDITIONS = DEBUG;
				SWIFT_OPTIMIZATION_LEVEL = "-Onone";
			};
			name = Debug;
		};
		3D3EA59D29C22C0100C88A76 /* Release */ = {
			isa = XCBuildConfiguration;
			buildSettings = {
				ALWAYS_SEARCH_USER_PATHS = NO;
				CLANG_ANALYZER_NONNULL = YES;
				CLANG_ANALYZER_NUMBER_OBJECT_CONVERSION = YES_AGGRESSIVE;
				CLANG_CXX_LANGUAGE_STANDARD = "gnu++20";
				CLANG_ENABLE_MODULES = YES;
				CLANG_ENABLE_OBJC_ARC = YES;
				CLANG_ENABLE_OBJC_WEAK = YES;
				CLANG_WARN_BLOCK_CAPTURE_AUTORELEASING = YES;
				CLANG_WARN_BOOL_CONVERSION = YES;
				CLANG_WARN_COMMA = YES;
				CLANG_WARN_CONSTANT_CONVERSION = YES;
				CLANG_WARN_DEPRECATED_OBJC_IMPLEMENTATIONS = YES;
				CLANG_WARN_DIRECT_OBJC_ISA_USAGE = YES_ERROR;
				CLANG_WARN_DOCUMENTATION_COMMENTS = YES;
				CLANG_WARN_EMPTY_BODY = YES;
				CLANG_WARN_ENUM_CONVERSION = YES;
				CLANG_WARN_INFINITE_RECURSION = YES;
				CLANG_WARN_INT_CONVERSION = YES;
				CLANG_WARN_NON_LITERAL_NULL_CONVERSION = YES;
				CLANG_WARN_OBJC_IMPLICIT_RETAIN_SELF = YES;
				CLANG_WARN_OBJC_LITERAL_CONVERSION = YES;
				CLANG_WARN_OBJC_ROOT_CLASS = YES_ERROR;
				CLANG_WARN_QUOTED_INCLUDE_IN_FRAMEWORK_HEADER = YES;
				CLANG_WARN_RANGE_LOOP_ANALYSIS = YES;
				CLANG_WARN_STRICT_PROTOTYPES = YES;
				CLANG_WARN_SUSPICIOUS_MOVE = YES;
				CLANG_WARN_UNGUARDED_AVAILABILITY = YES_AGGRESSIVE;
				CLANG_WARN_UNREACHABLE_CODE = YES;
				CLANG_WARN__DUPLICATE_METHOD_MATCH = YES;
				COPY_PHASE_STRIP = NO;
				DEBUG_INFORMATION_FORMAT = "dwarf-with-dsym";
				ENABLE_NS_ASSERTIONS = NO;
				ENABLE_STRICT_OBJC_MSGSEND = YES;
				GCC_C_LANGUAGE_STANDARD = gnu11;
				GCC_NO_COMMON_BLOCKS = YES;
				GCC_WARN_64_TO_32_BIT_CONVERSION = YES;
				GCC_WARN_ABOUT_RETURN_TYPE = YES_ERROR;
				GCC_WARN_UNDECLARED_SELECTOR = YES;
				GCC_WARN_UNINITIALIZED_AUTOS = YES_AGGRESSIVE;
				GCC_WARN_UNUSED_FUNCTION = YES;
				GCC_WARN_UNUSED_VARIABLE = YES;
				IPHONEOS_DEPLOYMENT_TARGET = 16.2;
				MTL_ENABLE_DEBUG_INFO = NO;
				MTL_FAST_MATH = YES;
				SDKROOT = iphoneos;
				SWIFT_COMPILATION_MODE = wholemodule;
				SWIFT_OPTIMIZATION_LEVEL = "-O";
				VALIDATE_PRODUCT = YES;
			};
			name = Release;
		};
		3D3EA59F29C22C0100C88A76 /* Debug */ = {
			isa = XCBuildConfiguration;
			buildSettings = {
				ASSETCATALOG_COMPILER_APPICON_NAME = AppIcon;
				ASSETCATALOG_COMPILER_GLOBAL_ACCENT_COLOR_NAME = AccentColor;
				CODE_SIGN_STYLE = Automatic;
				CURRENT_PROJECT_VERSION = 1;
				GENERATE_INFOPLIST_FILE = YES;
				INFOPLIST_FILE = App_beta/Info.plist;
				INFOPLIST_KEY_UIApplicationSupportsIndirectInputEvents = YES;
				INFOPLIST_KEY_UILaunchStoryboardName = LaunchScreen;
				INFOPLIST_KEY_UIMainStoryboardFile = Main;
				INFOPLIST_KEY_UISupportedInterfaceOrientations_iPad = "UIInterfaceOrientationPortrait UIInterfaceOrientationPortraitUpsideDown UIInterfaceOrientationLandscapeLeft UIInterfaceOrientationLandscapeRight";
				INFOPLIST_KEY_UISupportedInterfaceOrientations_iPhone = "UIInterfaceOrientationPortrait UIInterfaceOrientationLandscapeLeft UIInterfaceOrientationLandscapeRight";
				LD_RUNPATH_SEARCH_PATHS = (
					"$(inherited)",
					"@executable_path/Frameworks",
				);
				MARKETING_VERSION = 1.0;
				PRODUCT_BUNDLE_IDENTIFIER = "pcpuma.acatlan.unam.mx.App-beta";
				PRODUCT_NAME = "$(TARGET_NAME)";
				SWIFT_EMIT_LOC_STRINGS = YES;
				SWIFT_VERSION = 5.0;
				TARGETED_DEVICE_FAMILY = "1,2";
			};
			name = Debug;
		};
		3D3EA5A029C22C0100C88A76 /* Release */ = {
			isa = XCBuildConfiguration;
			buildSettings = {
				ASSETCATALOG_COMPILER_APPICON_NAME = AppIcon;
				ASSETCATALOG_COMPILER_GLOBAL_ACCENT_COLOR_NAME = AccentColor;
				CODE_SIGN_STYLE = Automatic;
				CURRENT_PROJECT_VERSION = 1;
				GENERATE_INFOPLIST_FILE = YES;
				INFOPLIST_FILE = App_beta/Info.plist;
				INFOPLIST_KEY_UIApplicationSupportsIndirectInputEvents = YES;
				INFOPLIST_KEY_UILaunchStoryboardName = LaunchScreen;
				INFOPLIST_KEY_UIMainStoryboardFile = Main;
				INFOPLIST_KEY_UISupportedInterfaceOrientations_iPad = "UIInterfaceOrientationPortrait UIInterfaceOrientationPortraitUpsideDown UIInterfaceOrientationLandscapeLeft UIInterfaceOrientationLandscapeRight";
				INFOPLIST_KEY_UISupportedInterfaceOrientations_iPhone = "UIInterfaceOrientationPortrait UIInterfaceOrientationLandscapeLeft UIInterfaceOrientationLandscapeRight";
				LD_RUNPATH_SEARCH_PATHS = (
					"$(inherited)",
					"@executable_path/Frameworks",
				);
				MARKETING_VERSION = 1.0;
				PRODUCT_BUNDLE_IDENTIFIER = "pcpuma.acatlan.unam.mx.App-beta";
				PRODUCT_NAME = "$(TARGET_NAME)";
				SWIFT_EMIT_LOC_STRINGS = YES;
				SWIFT_VERSION = 5.0;
				TARGETED_DEVICE_FAMILY = "1,2";
			};
			name = Release;
		};
		3D3EA5A229C22C0100C88A76 /* Debug */ = {
			isa = XCBuildConfiguration;
			buildSettings = {
				ALWAYS_EMBED_SWIFT_STANDARD_LIBRARIES = YES;
				BUNDLE_LOADER = "$(TEST_HOST)";
				CODE_SIGN_STYLE = Automatic;
				CURRENT_PROJECT_VERSION = 1;
				GENERATE_INFOPLIST_FILE = YES;
				IPHONEOS_DEPLOYMENT_TARGET = 16.2;
				MARKETING_VERSION = 1.0;
				PRODUCT_BUNDLE_IDENTIFIER = "pcpuma.acatlan.unam.mx.App-betaTests";
				PRODUCT_NAME = "$(TARGET_NAME)";
				SWIFT_EMIT_LOC_STRINGS = NO;
				SWIFT_VERSION = 5.0;
				TARGETED_DEVICE_FAMILY = "1,2";
				TEST_HOST = "$(BUILT_PRODUCTS_DIR)/App_beta.app/$(BUNDLE_EXECUTABLE_FOLDER_PATH)/App_beta";
			};
			name = Debug;
		};
		3D3EA5A329C22C0100C88A76 /* Release */ = {
			isa = XCBuildConfiguration;
			buildSettings = {
				ALWAYS_EMBED_SWIFT_STANDARD_LIBRARIES = YES;
				BUNDLE_LOADER = "$(TEST_HOST)";
				CODE_SIGN_STYLE = Automatic;
				CURRENT_PROJECT_VERSION = 1;
				GENERATE_INFOPLIST_FILE = YES;
				IPHONEOS_DEPLOYMENT_TARGET = 16.2;
				MARKETING_VERSION = 1.0;
				PRODUCT_BUNDLE_IDENTIFIER = "pcpuma.acatlan.unam.mx.App-betaTests";
				PRODUCT_NAME = "$(TARGET_NAME)";
				SWIFT_EMIT_LOC_STRINGS = NO;
				SWIFT_VERSION = 5.0;
				TARGETED_DEVICE_FAMILY = "1,2";
				TEST_HOST = "$(BUILT_PRODUCTS_DIR)/App_beta.app/$(BUNDLE_EXECUTABLE_FOLDER_PATH)/App_beta";
			};
			name = Release;
		};
		3D3EA5A529C22C0100C88A76 /* Debug */ = {
			isa = XCBuildConfiguration;
			buildSettings = {
				ALWAYS_EMBED_SWIFT_STANDARD_LIBRARIES = YES;
				CODE_SIGN_STYLE = Automatic;
				CURRENT_PROJECT_VERSION = 1;
				GENERATE_INFOPLIST_FILE = YES;
				MARKETING_VERSION = 1.0;
				PRODUCT_BUNDLE_IDENTIFIER = "pcpuma.acatlan.unam.mx.App-betaUITests";
				PRODUCT_NAME = "$(TARGET_NAME)";
				SWIFT_EMIT_LOC_STRINGS = NO;
				SWIFT_VERSION = 5.0;
				TARGETED_DEVICE_FAMILY = "1,2";
				TEST_TARGET_NAME = App_beta;
			};
			name = Debug;
		};
		3D3EA5A629C22C0100C88A76 /* Release */ = {
			isa = XCBuildConfiguration;
			buildSettings = {
				ALWAYS_EMBED_SWIFT_STANDARD_LIBRARIES = YES;
				CODE_SIGN_STYLE = Automatic;
				CURRENT_PROJECT_VERSION = 1;
				GENERATE_INFOPLIST_FILE = YES;
				MARKETING_VERSION = 1.0;
				PRODUCT_BUNDLE_IDENTIFIER = "pcpuma.acatlan.unam.mx.App-betaUITests";
				PRODUCT_NAME = "$(TARGET_NAME)";
				SWIFT_EMIT_LOC_STRINGS = NO;
				SWIFT_VERSION = 5.0;
				TARGETED_DEVICE_FAMILY = "1,2";
				TEST_TARGET_NAME = App_beta;
			};
			name = Release;
		};
/* End XCBuildConfiguration section */

/* Begin XCConfigurationList section */
		3D3EA56F29C22BFD00C88A76 /* Build configuration list for PBXProject "App_beta" */ = {
			isa = XCConfigurationList;
			buildConfigurations = (
				3D3EA59C29C22C0100C88A76 /* Debug */,
				3D3EA59D29C22C0100C88A76 /* Release */,
			);
			defaultConfigurationIsVisible = 0;
			defaultConfigurationName = Release;
		};
		3D3EA59E29C22C0100C88A76 /* Build configuration list for PBXNativeTarget "App_beta" */ = {
			isa = XCConfigurationList;
			buildConfigurations = (
				3D3EA59F29C22C0100C88A76 /* Debug */,
				3D3EA5A029C22C0100C88A76 /* Release */,
			);
			defaultConfigurationIsVisible = 0;
			defaultConfigurationName = Release;
		};
		3D3EA5A129C22C0100C88A76 /* Build configuration list for PBXNativeTarget "App_betaTests" */ = {
			isa = XCConfigurationList;
			buildConfigurations = (
				3D3EA5A229C22C0100C88A76 /* Debug */,
				3D3EA5A329C22C0100C88A76 /* Release */,
			);
			defaultConfigurationIsVisible = 0;
			defaultConfigurationName = Release;
		};
		3D3EA5A429C22C0100C88A76 /* Build configuration list for PBXNativeTarget "App_betaUITests" */ = {
			isa = XCConfigurationList;
			buildConfigurations = (
				3D3EA5A529C22C0100C88A76 /* Debug */,
				3D3EA5A629C22C0100C88A76 /* Release */,
			);
			defaultConfigurationIsVisible = 0;
			defaultConfigurationName = Release;
		};
/* End XCConfigurationList section */
	};
	rootObject = 3D3EA56C29C22BFD00C88A76 /* Project object */;
}
